// !$*UTF8*$!
{
	archiveVersion = 1;
	classes = {
	};
	objectVersion = 50;
	objects = {

/* Begin PBXBuildFile section */
		A49625F82692F152005D6885 /* AppDelegate.m in Sources */ = {isa = PBXBuildFile; fileRef = A49625F72692F152005D6885 /* AppDelegate.m */; };
		A49625FB2692F152005D6885 /* SceneDelegate.m in Sources */ = {isa = PBXBuildFile; fileRef = A49625FA2692F152005D6885 /* SceneDelegate.m */; };
		A49625FE2692F152005D6885 /* ViewController.m in Sources */ = {isa = PBXBuildFile; fileRef = A49625FD2692F152005D6885 /* ViewController.m */; };
		A49626012692F152005D6885 /* Main.storyboard in Resources */ = {isa = PBXBuildFile; fileRef = A49625FF2692F152005D6885 /* Main.storyboard */; };
		A49626032692F15B005D6885 /* Assets.xcassets in Resources */ = {isa = PBXBuildFile; fileRef = A49626022692F15B005D6885 /* Assets.xcassets */; };
		A49626062692F15B005D6885 /* LaunchScreen.storyboard in Resources */ = {isa = PBXBuildFile; fileRef = A49626042692F15B005D6885 /* LaunchScreen.storyboard */; };
		A49626092692F15B005D6885 /* main.m in Sources */ = {isa = PBXBuildFile; fileRef = A49626082692F15B005D6885 /* main.m */; };
		A4B7383A2692F7AB001C5532 /* AssetsLibrary.framework in Frameworks */ = {isa = PBXBuildFile; fileRef = A4B738392692F7AB001C5532 /* AssetsLibrary.framework */; };
		A4B7383C2692F7B6001C5532 /* CoreLocation.framework in Frameworks */ = {isa = PBXBuildFile; fileRef = A4B7383B2692F7B6001C5532 /* CoreLocation.framework */; };
		A4B7383E2692F7C0001C5532 /* CoreGraphics.framework in Frameworks */ = {isa = PBXBuildFile; fileRef = A4B7383D2692F7C0001C5532 /* CoreGraphics.framework */; };
		A4B738402692F7CB001C5532 /* MobileCoreServices.framework in Frameworks */ = {isa = PBXBuildFile; fileRef = A4B7383F2692F7CB001C5532 /* MobileCoreServices.framework */; };
		A4B738552692FC74001C5532 /* CBPeripheral+Extensions.m in Sources */ = {isa = PBXBuildFile; fileRef = A4B7384B2692FC73001C5532 /* CBPeripheral+Extensions.m */; };
		A4B738562692FC74001C5532 /* BLECommandContext.m in Sources */ = {isa = PBXBuildFile; fileRef = A4B7384C2692FC73001C5532 /* BLECommandContext.m */; };
		A4B738572692FC74001C5532 /* BLECentralPlugin.m in Sources */ = {isa = PBXBuildFile; fileRef = A4B7384D2692FC73001C5532 /* BLECentralPlugin.m */; };
		A4B738582692FC74001C5532 /* CDVLocation.m in Sources */ = {isa = PBXBuildFile; fileRef = A4B738532692FC73001C5532 /* CDVLocation.m */; };
		A4B738592692FC74001C5532 /* README in Resources */ = {isa = PBXBuildFile; fileRef = A4B738542692FC73001C5532 /* README */; };
		A4B7385C2692FD0B001C5532 /* CoreBluetooth.framework in Frameworks */ = {isa = PBXBuildFile; fileRef = A4B7385B2692FD0A001C5532 /* CoreBluetooth.framework */; };
		A4B73860269306BA001C5532 /* www in Resources */ = {isa = PBXBuildFile; fileRef = A4B7385E269306B9001C5532 /* www */; };
		A4B738622693080D001C5532 /* config.xml in Resources */ = {isa = PBXBuildFile; fileRef = A4B738612693080D001C5532 /* config.xml */; };
		A4B7386626930BEC001C5532 /* CDVSmartgarden.m in Sources */ = {isa = PBXBuildFile; fileRef = A4B7386526930BEC001C5532 /* CDVSmartgarden.m */; };
		A4B7388226934F0A001C5532 /* libCordova.a in Frameworks */ = {isa = PBXBuildFile; fileRef = A4B7387D26934EEF001C5532 /* libCordova.a */; };
/* End PBXBuildFile section */

/* Begin PBXContainerItemProxy section */
		A4B7387C26934EEF001C5532 /* PBXContainerItemProxy */ = {
			isa = PBXContainerItemProxy;
			containerPortal = A4B7387726934EEF001C5532 /* CordovaLib.xcodeproj */;
			proxyType = 2;
			remoteGlobalIDString = 68A32D7114102E1C006B237C;
			remoteInfo = CordovaLib;
		};
		A4B7387E26934EEF001C5532 /* PBXContainerItemProxy */ = {
			isa = PBXContainerItemProxy;
			containerPortal = A4B7387726934EEF001C5532 /* CordovaLib.xcodeproj */;
			proxyType = 2;
			remoteGlobalIDString = C0C01EB21E3911D50056E6CB;
			remoteInfo = Cordova;
		};
		A4B7388026934F04001C5532 /* PBXContainerItemProxy */ = {
			isa = PBXContainerItemProxy;
			containerPortal = A4B7387726934EEF001C5532 /* CordovaLib.xcodeproj */;
			proxyType = 1;
			remoteGlobalIDString = D2AAC07D0554694100DB518D;
			remoteInfo = CordovaLib;
		};
/* End PBXContainerItemProxy section */

/* Begin PBXFileReference section */
		A49625F32692F152005D6885 /* Smartgarden.app */ = {isa = PBXFileReference; explicitFileType = wrapper.application; includeInIndex = 0; path = Smartgarden.app; sourceTree = BUILT_PRODUCTS_DIR; };
		A49625F62692F152005D6885 /* AppDelegate.h */ = {isa = PBXFileReference; lastKnownFileType = sourcecode.c.h; path = AppDelegate.h; sourceTree = "<group>"; };
		A49625F72692F152005D6885 /* AppDelegate.m */ = {isa = PBXFileReference; lastKnownFileType = sourcecode.c.objc; path = AppDelegate.m; sourceTree = "<group>"; };
		A49625F92692F152005D6885 /* SceneDelegate.h */ = {isa = PBXFileReference; lastKnownFileType = sourcecode.c.h; path = SceneDelegate.h; sourceTree = "<group>"; };
		A49625FA2692F152005D6885 /* SceneDelegate.m */ = {isa = PBXFileReference; lastKnownFileType = sourcecode.c.objc; path = SceneDelegate.m; sourceTree = "<group>"; };
		A49625FC2692F152005D6885 /* ViewController.h */ = {isa = PBXFileReference; lastKnownFileType = sourcecode.c.h; path = ViewController.h; sourceTree = "<group>"; };
		A49625FD2692F152005D6885 /* ViewController.m */ = {isa = PBXFileReference; lastKnownFileType = sourcecode.c.objc; path = ViewController.m; sourceTree = "<group>"; };
		A49626002692F152005D6885 /* Base */ = {isa = PBXFileReference; lastKnownFileType = file.storyboard; name = Base; path = Base.lproj/Main.storyboard; sourceTree = "<group>"; };
		A49626022692F15B005D6885 /* Assets.xcassets */ = {isa = PBXFileReference; lastKnownFileType = folder.assetcatalog; path = Assets.xcassets; sourceTree = "<group>"; };
		A49626052692F15B005D6885 /* Base */ = {isa = PBXFileReference; lastKnownFileType = file.storyboard; name = Base; path = Base.lproj/LaunchScreen.storyboard; sourceTree = "<group>"; };
		A49626072692F15B005D6885 /* Info.plist */ = {isa = PBXFileReference; lastKnownFileType = text.plist.xml; path = Info.plist; sourceTree = "<group>"; };
		A49626082692F15B005D6885 /* main.m */ = {isa = PBXFileReference; lastKnownFileType = sourcecode.c.objc; path = main.m; sourceTree = "<group>"; };
		A4B738392692F7AB001C5532 /* AssetsLibrary.framework */ = {isa = PBXFileReference; lastKnownFileType = wrapper.framework; name = AssetsLibrary.framework; path = System/Library/Frameworks/AssetsLibrary.framework; sourceTree = SDKROOT; };
		A4B7383B2692F7B6001C5532 /* CoreLocation.framework */ = {isa = PBXFileReference; lastKnownFileType = wrapper.framework; name = CoreLocation.framework; path = System/Library/Frameworks/CoreLocation.framework; sourceTree = SDKROOT; };
		A4B7383D2692F7C0001C5532 /* CoreGraphics.framework */ = {isa = PBXFileReference; lastKnownFileType = wrapper.framework; name = CoreGraphics.framework; path = System/Library/Frameworks/CoreGraphics.framework; sourceTree = SDKROOT; };
		A4B7383F2692F7CB001C5532 /* MobileCoreServices.framework */ = {isa = PBXFileReference; lastKnownFileType = wrapper.framework; name = MobileCoreServices.framework; path = System/Library/Frameworks/MobileCoreServices.framework; sourceTree = SDKROOT; };
		A4B7384B2692FC73001C5532 /* CBPeripheral+Extensions.m */ = {isa = PBXFileReference; fileEncoding = 4; lastKnownFileType = sourcecode.c.objc; path = "CBPeripheral+Extensions.m"; sourceTree = "<group>"; };
		A4B7384C2692FC73001C5532 /* BLECommandContext.m */ = {isa = PBXFileReference; fileEncoding = 4; lastKnownFileType = sourcecode.c.objc; path = BLECommandContext.m; sourceTree = "<group>"; };
		A4B7384D2692FC73001C5532 /* BLECentralPlugin.m */ = {isa = PBXFileReference; fileEncoding = 4; lastKnownFileType = sourcecode.c.objc; path = BLECentralPlugin.m; sourceTree = "<group>"; };
		A4B7384E2692FC73001C5532 /* CBPeripheral+Extensions.h */ = {isa = PBXFileReference; fileEncoding = 4; lastKnownFileType = sourcecode.c.h; path = "CBPeripheral+Extensions.h"; sourceTree = "<group>"; };
		A4B7384F2692FC73001C5532 /* BLECommandContext.h */ = {isa = PBXFileReference; fileEncoding = 4; lastKnownFileType = sourcecode.c.h; path = BLECommandContext.h; sourceTree = "<group>"; };
		A4B738502692FC73001C5532 /* BLECentralPlugin.h */ = {isa = PBXFileReference; fileEncoding = 4; lastKnownFileType = sourcecode.c.h; path = BLECentralPlugin.h; sourceTree = "<group>"; };
		A4B738522692FC73001C5532 /* CDVLocation.h */ = {isa = PBXFileReference; fileEncoding = 4; lastKnownFileType = sourcecode.c.h; path = CDVLocation.h; sourceTree = "<group>"; };
		A4B738532692FC73001C5532 /* CDVLocation.m */ = {isa = PBXFileReference; fileEncoding = 4; lastKnownFileType = sourcecode.c.objc; path = CDVLocation.m; sourceTree = "<group>"; };
		A4B738542692FC73001C5532 /* README */ = {isa = PBXFileReference; fileEncoding = 4; lastKnownFileType = text; path = README; sourceTree = "<group>"; };
		A4B7385B2692FD0A001C5532 /* CoreBluetooth.framework */ = {isa = PBXFileReference; lastKnownFileType = wrapper.framework; name = CoreBluetooth.framework; path = System/Library/Frameworks/CoreBluetooth.framework; sourceTree = SDKROOT; };
		A4B7385E269306B9001C5532 /* www */ = {isa = PBXFileReference; lastKnownFileType = folder; path = www; sourceTree = "<group>"; };
		A4B738612693080D001C5532 /* config.xml */ = {isa = PBXFileReference; fileEncoding = 4; lastKnownFileType = text.xml; path = config.xml; sourceTree = "<group>"; };
		A4B7386426930BC2001C5532 /* CDVSmartgarden.h */ = {isa = PBXFileReference; lastKnownFileType = sourcecode.c.h; path = CDVSmartgarden.h; sourceTree = "<group>"; };
		A4B7386526930BEC001C5532 /* CDVSmartgarden.m */ = {isa = PBXFileReference; lastKnownFileType = sourcecode.c.objc; path = CDVSmartgarden.m; sourceTree = "<group>"; };
		A4B7387726934EEF001C5532 /* CordovaLib.xcodeproj */ = {isa = PBXFileReference; lastKnownFileType = "wrapper.pb-project"; name = CordovaLib.xcodeproj; path = CordovaLib/CordovaLib.xcodeproj; sourceTree = "<group>"; };
/* End PBXFileReference section */

/* Begin PBXFrameworksBuildPhase section */
		A49625F02692F152005D6885 /* Frameworks */ = {
			isa = PBXFrameworksBuildPhase;
			buildActionMask = 2147483647;
			files = (
				A4B7388226934F0A001C5532 /* libCordova.a in Frameworks */,
				A4B7383A2692F7AB001C5532 /* AssetsLibrary.framework in Frameworks */,
				A4B7385C2692FD0B001C5532 /* CoreBluetooth.framework in Frameworks */,
				A4B7383C2692F7B6001C5532 /* CoreLocation.framework in Frameworks */,
				A4B7383E2692F7C0001C5532 /* CoreGraphics.framework in Frameworks */,
				A4B738402692F7CB001C5532 /* MobileCoreServices.framework in Frameworks */,
			);
			runOnlyForDeploymentPostprocessing = 0;
		};
/* End PBXFrameworksBuildPhase section */

/* Begin PBXGroup section */
		A49625EA2692F151005D6885 = {
			isa = PBXGroup;
			children = (
				A4B7387726934EEF001C5532 /* CordovaLib.xcodeproj */,
				A4B738612693080D001C5532 /* config.xml */,
				A4B7385E269306B9001C5532 /* www */,
				A49625F52692F152005D6885 /* Smartgarden */,
				A49625F42692F152005D6885 /* Products */,
				A4B738482692FC73001C5532 /* Plugins */,
				A4B738382692F7AA001C5532 /* Frameworks */,
			);
			sourceTree = "<group>";
		};
		A49625F42692F152005D6885 /* Products */ = {
			isa = PBXGroup;
			children = (
				A49625F32692F152005D6885 /* Smartgarden.app */,
			);
			name = Products;
			sourceTree = "<group>";
		};
		A49625F52692F152005D6885 /* Smartgarden */ = {
			isa = PBXGroup;
			children = (
				A49625F62692F152005D6885 /* AppDelegate.h */,
				A49625F72692F152005D6885 /* AppDelegate.m */,
				A49625F92692F152005D6885 /* SceneDelegate.h */,
				A49625FA2692F152005D6885 /* SceneDelegate.m */,
				A49625FC2692F152005D6885 /* ViewController.h */,
				A49625FD2692F152005D6885 /* ViewController.m */,
				A49625FF2692F152005D6885 /* Main.storyboard */,
				A49626022692F15B005D6885 /* Assets.xcassets */,
				A49626042692F15B005D6885 /* LaunchScreen.storyboard */,
				A49626072692F15B005D6885 /* Info.plist */,
				A49626082692F15B005D6885 /* main.m */,
			);
			path = Smartgarden;
			sourceTree = "<group>";
		};
		A4B738382692F7AA001C5532 /* Frameworks */ = {
			isa = PBXGroup;
			children = (
				A4B7385B2692FD0A001C5532 /* CoreBluetooth.framework */,
				A4B7383F2692F7CB001C5532 /* MobileCoreServices.framework */,
				A4B7383D2692F7C0001C5532 /* CoreGraphics.framework */,
				A4B7383B2692F7B6001C5532 /* CoreLocation.framework */,
				A4B738392692F7AB001C5532 /* AssetsLibrary.framework */,
			);
			name = Frameworks;
			sourceTree = "<group>";
		};
		A4B738482692FC73001C5532 /* Plugins */ = {
			isa = PBXGroup;
			children = (
				A4B7386326930B6A001C5532 /* cordova-plugin-smartgarden */,
				A4B738492692FC73001C5532 /* cordova-plugin-ble-central */,
				A4B738512692FC73001C5532 /* cordova-plugin-geolocation */,
				A4B738542692FC73001C5532 /* README */,
			);
			path = Plugins;
			sourceTree = "<group>";
		};
		A4B738492692FC73001C5532 /* cordova-plugin-ble-central */ = {
			isa = PBXGroup;
			children = (
				A4B7384A2692FC73001C5532 /* BLECentralPlugin */,
			);
			path = "cordova-plugin-ble-central";
			sourceTree = "<group>";
		};
		A4B7384A2692FC73001C5532 /* BLECentralPlugin */ = {
			isa = PBXGroup;
			children = (
				A4B7384B2692FC73001C5532 /* CBPeripheral+Extensions.m */,
				A4B7384C2692FC73001C5532 /* BLECommandContext.m */,
				A4B7384D2692FC73001C5532 /* BLECentralPlugin.m */,
				A4B7384E2692FC73001C5532 /* CBPeripheral+Extensions.h */,
				A4B7384F2692FC73001C5532 /* BLECommandContext.h */,
				A4B738502692FC73001C5532 /* BLECentralPlugin.h */,
			);
			path = BLECentralPlugin;
			sourceTree = "<group>";
		};
		A4B738512692FC73001C5532 /* cordova-plugin-geolocation */ = {
			isa = PBXGroup;
			children = (
				A4B738522692FC73001C5532 /* CDVLocation.h */,
				A4B738532692FC73001C5532 /* CDVLocation.m */,
			);
			path = "cordova-plugin-geolocation";
			sourceTree = "<group>";
		};
		A4B7386326930B6A001C5532 /* cordova-plugin-smartgarden */ = {
			isa = PBXGroup;
			children = (
				A4B7386426930BC2001C5532 /* CDVSmartgarden.h */,
				A4B7386526930BEC001C5532 /* CDVSmartgarden.m */,
			);
			path = "cordova-plugin-smartgarden";
			sourceTree = "<group>";
		};
		A4B7387826934EEF001C5532 /* Products */ = {
			isa = PBXGroup;
			children = (
				A4B7387D26934EEF001C5532 /* libCordova.a */,
				A4B7387F26934EEF001C5532 /* Cordova.framework */,
			);
			name = Products;
			sourceTree = "<group>";
		};
/* End PBXGroup section */

/* Begin PBXNativeTarget section */
		A49625F22692F152005D6885 /* Smartgarden */ = {
			isa = PBXNativeTarget;
			buildConfigurationList = A496260C2692F15B005D6885 /* Build configuration list for PBXNativeTarget "Smartgarden" */;
			buildPhases = (
				A49625EF2692F152005D6885 /* Sources */,
				A49625F02692F152005D6885 /* Frameworks */,
				A49625F12692F152005D6885 /* Resources */,
			);
			buildRules = (
			);
			dependencies = (
				A4B7388126934F04001C5532 /* PBXTargetDependency */,
			);
			name = Smartgarden;
			productName = Smartgarden;
			productReference = A49625F32692F152005D6885 /* Smartgarden.app */;
			productType = "com.apple.product-type.application";
		};
/* End PBXNativeTarget section */

/* Begin PBXProject section */
		A49625EB2692F151005D6885 /* Project object */ = {
			isa = PBXProject;
			attributes = {
				LastUpgradeCheck = 1250;
				TargetAttributes = {
					A49625F22692F152005D6885 = {
						CreatedOnToolsVersion = 12.5.1;
					};
				};
			};
			buildConfigurationList = A49625EE2692F151005D6885 /* Build configuration list for PBXProject "Smartgarden" */;
			compatibilityVersion = "Xcode 9.3";
			developmentRegion = en;
			hasScannedForEncodings = 0;
			knownRegions = (
				en,
				Base,
			);
			mainGroup = A49625EA2692F151005D6885;
			productRefGroup = A49625F42692F152005D6885 /* Products */;
			projectDirPath = "";
			projectReferences = (
				{
					ProductGroup = A4B7387826934EEF001C5532 /* Products */;
					ProjectRef = A4B7387726934EEF001C5532 /* CordovaLib.xcodeproj */;
				},
			);
			projectRoot = "";
			targets = (
				A49625F22692F152005D6885 /* Smartgarden */,
			);
		};
/* End PBXProject section */

/* Begin PBXReferenceProxy section */
		A4B7387D26934EEF001C5532 /* libCordova.a */ = {
			isa = PBXReferenceProxy;
			fileType = archive.ar;
			path = libCordova.a;
			remoteRef = A4B7387C26934EEF001C5532 /* PBXContainerItemProxy */;
			sourceTree = BUILT_PRODUCTS_DIR;
		};
		A4B7387F26934EEF001C5532 /* Cordova.framework */ = {
			isa = PBXReferenceProxy;
			fileType = wrapper.framework;
			path = Cordova.framework;
			remoteRef = A4B7387E26934EEF001C5532 /* PBXContainerItemProxy */;
			sourceTree = BUILT_PRODUCTS_DIR;
		};
/* End PBXReferenceProxy section */

/* Begin PBXResourcesBuildPhase section */
		A49625F12692F152005D6885 /* Resources */ = {
			isa = PBXResourcesBuildPhase;
			buildActionMask = 2147483647;
			files = (
				A4B73860269306BA001C5532 /* www in Resources */,
				A4B738592692FC74001C5532 /* README in Resources */,
				A49626062692F15B005D6885 /* LaunchScreen.storyboard in Resources */,
				A4B738622693080D001C5532 /* config.xml in Resources */,
				A49626032692F15B005D6885 /* Assets.xcassets in Resources */,
				A49626012692F152005D6885 /* Main.storyboard in Resources */,
			);
			runOnlyForDeploymentPostprocessing = 0;
		};
/* End PBXResourcesBuildPhase section */

/* Begin PBXSourcesBuildPhase section */
		A49625EF2692F152005D6885 /* Sources */ = {
			isa = PBXSourcesBuildPhase;
			buildActionMask = 2147483647;
			files = (
				A49625FE2692F152005D6885 /* ViewController.m in Sources */,
				A4B738572692FC74001C5532 /* BLECentralPlugin.m in Sources */,
				A49625F82692F152005D6885 /* AppDelegate.m in Sources */,
				A49626092692F15B005D6885 /* main.m in Sources */,
				A4B738552692FC74001C5532 /* CBPeripheral+Extensions.m in Sources */,
				A49625FB2692F152005D6885 /* SceneDelegate.m in Sources */,
				A4B738582692FC74001C5532 /* CDVLocation.m in Sources */,
				A4B738562692FC74001C5532 /* BLECommandContext.m in Sources */,
				A4B7386626930BEC001C5532 /* CDVSmartgarden.m in Sources */,
			);
			runOnlyForDeploymentPostprocessing = 0;
		};
/* End PBXSourcesBuildPhase section */

/* Begin PBXTargetDependency section */
		A4B7388126934F04001C5532 /* PBXTargetDependency */ = {
			isa = PBXTargetDependency;
			name = CordovaLib;
			targetProxy = A4B7388026934F04001C5532 /* PBXContainerItemProxy */;
		};
/* End PBXTargetDependency section */

/* Begin PBXVariantGroup section */
		A49625FF2692F152005D6885 /* Main.storyboard */ = {
			isa = PBXVariantGroup;
			children = (
				A49626002692F152005D6885 /* Base */,
			);
			name = Main.storyboard;
			sourceTree = "<group>";
		};
		A49626042692F15B005D6885 /* LaunchScreen.storyboard */ = {
			isa = PBXVariantGroup;
			children = (
				A49626052692F15B005D6885 /* Base */,
			);
			name = LaunchScreen.storyboard;
			sourceTree = "<group>";
		};
/* End PBXVariantGroup section */

/* Begin XCBuildConfiguration section */
		A496260A2692F15B005D6885 /* Debug */ = {
			isa = XCBuildConfiguration;
			buildSettings = {
				ALWAYS_SEARCH_USER_PATHS = NO;
				CLANG_ANALYZER_NONNULL = YES;
				CLANG_ANALYZER_NUMBER_OBJECT_CONVERSION = YES_AGGRESSIVE;
				CLANG_CXX_LANGUAGE_STANDARD = "gnu++14";
				CLANG_CXX_LIBRARY = "libc++";
				CLANG_ENABLE_MODULES = YES;
				CLANG_ENABLE_OBJC_ARC = YES;
				CLANG_ENABLE_OBJC_WEAK = YES;
				CLANG_WARN_BLOCK_CAPTURE_AUTORELEASING = YES;
				CLANG_WARN_BOOL_CONVERSION = YES;
				CLANG_WARN_COMMA = YES;
				CLANG_WARN_CONSTANT_CONVERSION = YES;
				CLANG_WARN_DEPRECATED_OBJC_IMPLEMENTATIONS = YES;
				CLANG_WARN_DIRECT_OBJC_ISA_USAGE = YES_ERROR;
				CLANG_WARN_DOCUMENTATION_COMMENTS = YES;
				CLANG_WARN_EMPTY_BODY = YES;
				CLANG_WARN_ENUM_CONVERSION = YES;
				CLANG_WARN_INFINITE_RECURSION = YES;
				CLANG_WARN_INT_CONVERSION = YES;
				CLANG_WARN_NON_LITERAL_NULL_CONVERSION = YES;
				CLANG_WARN_OBJC_IMPLICIT_RETAIN_SELF = YES;
				CLANG_WARN_OBJC_LITERAL_CONVERSION = YES;
				CLANG_WARN_OBJC_ROOT_CLASS = YES_ERROR;
				CLANG_WARN_QUOTED_INCLUDE_IN_FRAMEWORK_HEADER = YES;
				CLANG_WARN_RANGE_LOOP_ANALYSIS = YES;
				CLANG_WARN_STRICT_PROTOTYPES = YES;
				CLANG_WARN_SUSPICIOUS_MOVE = YES;
				CLANG_WARN_UNGUARDED_AVAILABILITY = YES_AGGRESSIVE;
				CLANG_WARN_UNREACHABLE_CODE = YES;
				CLANG_WARN__DUPLICATE_METHOD_MATCH = YES;
				COPY_PHASE_STRIP = NO;
				DEBUG_INFORMATION_FORMAT = dwarf;
				ENABLE_STRICT_OBJC_MSGSEND = YES;
				ENABLE_TESTABILITY = YES;
				GCC_C_LANGUAGE_STANDARD = gnu11;
				GCC_DYNAMIC_NO_PIC = NO;
				GCC_NO_COMMON_BLOCKS = YES;
				GCC_OPTIMIZATION_LEVEL = 0;
				GCC_PREPROCESSOR_DEFINITIONS = (
					"DEBUG=1",
					"$(inherited)",
				);
				GCC_WARN_64_TO_32_BIT_CONVERSION = YES;
				GCC_WARN_ABOUT_RETURN_TYPE = YES_ERROR;
				GCC_WARN_UNDECLARED_SELECTOR = YES;
				GCC_WARN_UNINITIALIZED_AUTOS = YES_AGGRESSIVE;
				GCC_WARN_UNUSED_FUNCTION = YES;
				GCC_WARN_UNUSED_VARIABLE = YES;
				IPHONEOS_DEPLOYMENT_TARGET = 14.5;
				MTL_ENABLE_DEBUG_INFO = INCLUDE_SOURCE;
				MTL_FAST_MATH = YES;
				ONLY_ACTIVE_ARCH = YES;
				SDKROOT = iphoneos;
			};
			name = Debug;
		};
		A496260B2692F15B005D6885 /* Release */ = {
			isa = XCBuildConfiguration;
			buildSettings = {
				ALWAYS_SEARCH_USER_PATHS = NO;
				CLANG_ANALYZER_NONNULL = YES;
				CLANG_ANALYZER_NUMBER_OBJECT_CONVERSION = YES_AGGRESSIVE;
				CLANG_CXX_LANGUAGE_STANDARD = "gnu++14";
				CLANG_CXX_LIBRARY = "libc++";
				CLANG_ENABLE_MODULES = YES;
				CLANG_ENABLE_OBJC_ARC = YES;
				CLANG_ENABLE_OBJC_WEAK = YES;
				CLANG_WARN_BLOCK_CAPTURE_AUTORELEASING = YES;
				CLANG_WARN_BOOL_CONVERSION = YES;
				CLANG_WARN_COMMA = YES;
				CLANG_WARN_CONSTANT_CONVERSION = YES;
				CLANG_WARN_DEPRECATED_OBJC_IMPLEMENTATIONS = YES;
				CLANG_WARN_DIRECT_OBJC_ISA_USAGE = YES_ERROR;
				CLANG_WARN_DOCUMENTATION_COMMENTS = YES;
				CLANG_WARN_EMPTY_BODY = YES;
				CLANG_WARN_ENUM_CONVERSION = YES;
				CLANG_WARN_INFINITE_RECURSION = YES;
				CLANG_WARN_INT_CONVERSION = YES;
				CLANG_WARN_NON_LITERAL_NULL_CONVERSION = YES;
				CLANG_WARN_OBJC_IMPLICIT_RETAIN_SELF = YES;
				CLANG_WARN_OBJC_LITERAL_CONVERSION = YES;
				CLANG_WARN_OBJC_ROOT_CLASS = YES_ERROR;
				CLANG_WARN_QUOTED_INCLUDE_IN_FRAMEWORK_HEADER = YES;
				CLANG_WARN_RANGE_LOOP_ANALYSIS = YES;
				CLANG_WARN_STRICT_PROTOTYPES = YES;
				CLANG_WARN_SUSPICIOUS_MOVE = YES;
				CLANG_WARN_UNGUARDED_AVAILABILITY = YES_AGGRESSIVE;
				CLANG_WARN_UNREACHABLE_CODE = YES;
				CLANG_WARN__DUPLICATE_METHOD_MATCH = YES;
				COPY_PHASE_STRIP = NO;
				DEBUG_INFORMATION_FORMAT = "dwarf-with-dsym";
				ENABLE_NS_ASSERTIONS = NO;
				ENABLE_STRICT_OBJC_MSGSEND = YES;
				GCC_C_LANGUAGE_STANDARD = gnu11;
				GCC_NO_COMMON_BLOCKS = YES;
				GCC_WARN_64_TO_32_BIT_CONVERSION = YES;
				GCC_WARN_ABOUT_RETURN_TYPE = YES_ERROR;
				GCC_WARN_UNDECLARED_SELECTOR = YES;
				GCC_WARN_UNINITIALIZED_AUTOS = YES_AGGRESSIVE;
				GCC_WARN_UNUSED_FUNCTION = YES;
				GCC_WARN_UNUSED_VARIABLE = YES;
				IPHONEOS_DEPLOYMENT_TARGET = 14.5;
				MTL_ENABLE_DEBUG_INFO = NO;
				MTL_FAST_MATH = YES;
				SDKROOT = iphoneos;
				VALIDATE_PRODUCT = YES;
			};
			name = Release;
		};
		A496260D2692F15B005D6885 /* Debug */ = {
			isa = XCBuildConfiguration;
			buildSettings = {
				ASSETCATALOG_COMPILER_APPICON_NAME = AppIcon;
				ASSETCATALOG_COMPILER_GLOBAL_ACCENT_COLOR_NAME = AccentColor;
				CODE_SIGN_STYLE = Automatic;
				DEVELOPMENT_TEAM = GXLKCLV8TC;
				HEADER_SEARCH_PATHS = (
					"\"$(TARGET_BUILD_DIR)/usr/local/lib/include\"",
					"\"$(OBJROOT)/UninstalledProducts/include\"",
					"\"$(OBJROOT)/UninstalledProducts/$(PLATFORM_NAME)/include\"",
					"\"$(BUILT_PRODUCTS_DIR)\"",
				);
				INFOPLIST_FILE = Smartgarden/Info.plist;
				LD_RUNPATH_SEARCH_PATHS = (
					"$(inherited)",
					"@executable_path/Frameworks",
				);
				OTHER_LDFLAGS = "-ObjC";
				PRODUCT_BUNDLE_IDENTIFIER = de.joergv.Smartgarden.wbh;
				PRODUCT_NAME = "$(TARGET_NAME)";
				TARGETED_DEVICE_FAMILY = "1,2";
			};
			name = Debug;
		};
		A496260E2692F15B005D6885 /* Release */ = {
			isa = XCBuildConfiguration;
			buildSettings = {
				ASSETCATALOG_COMPILER_APPICON_NAME = AppIcon;
				ASSETCATALOG_COMPILER_GLOBAL_ACCENT_COLOR_NAME = AccentColor;
				CODE_SIGN_STYLE = Automatic;
				DEVELOPMENT_TEAM = GXLKCLV8TC;
				HEADER_SEARCH_PATHS = (
					"\"$(TARGET_BUILD_DIR)/usr/local/lib/include\"",
					"\"$(OBJROOT)/UninstalledProducts/include\"",
					"\"$(OBJROOT)/UninstalledProducts/$(PLATFORM_NAME)/include\"",
					"\"$(BUILT_PRODUCTS_DIR)\"",
				);
				INFOPLIST_FILE = Smartgarden/Info.plist;
				LD_RUNPATH_SEARCH_PATHS = (
					"$(inherited)",
					"@executable_path/Frameworks",
				);
				OTHER_LDFLAGS = "-ObjC";
				PRODUCT_BUNDLE_IDENTIFIER = de.joergv.Smartgarden.wbh;
				PRODUCT_NAME = "$(TARGET_NAME)";
				TARGETED_DEVICE_FAMILY = "1,2";
			};
			name = Release;
		};
/* End XCBuildConfiguration section */

/* Begin XCConfigurationList section */
		A49625EE2692F151005D6885 /* Build configuration list for PBXProject "Smartgarden" */ = {
			isa = XCConfigurationList;
			buildConfigurations = (
				A496260A2692F15B005D6885 /* Debug */,
				A496260B2692F15B005D6885 /* Release */,
			);
			defaultConfigurationIsVisible = 0;
			defaultConfigurationName = Release;
		};
		A496260C2692F15B005D6885 /* Build configuration list for PBXNativeTarget "Smartgarden" */ = {
			isa = XCConfigurationList;
			buildConfigurations = (
				A496260D2692F15B005D6885 /* Debug */,
				A496260E2692F15B005D6885 /* Release */,
			);
			defaultConfigurationIsVisible = 0;
			defaultConfigurationName = Release;
		};
/* End XCConfigurationList section */
	};
	rootObject = A49625EB2692F151005D6885 /* Project object */;
}
